// !$*UTF8*$!
{
	archiveVersion = 1;
	classes = {
	};
	objectVersion = 46;
	objects = {

/* Begin PBXBuildFile section */
		523C09C3186DB348006563AE /* Foundation.framework in Frameworks */ = {isa = PBXBuildFile; fileRef = 523C09C2186DB348006563AE /* Foundation.framework */; };
		523C09C5186DB348006563AE /* CoreGraphics.framework in Frameworks */ = {isa = PBXBuildFile; fileRef = 523C09C4186DB348006563AE /* CoreGraphics.framework */; };
		523C09C7186DB348006563AE /* UIKit.framework in Frameworks */ = {isa = PBXBuildFile; fileRef = 523C09C6186DB348006563AE /* UIKit.framework */; };
		523C09CD186DB348006563AE /* InfoPlist.strings in Resources */ = {isa = PBXBuildFile; fileRef = 523C09CB186DB348006563AE /* InfoPlist.strings */; };
		523C09CF186DB348006563AE /* main.m in Sources */ = {isa = PBXBuildFile; fileRef = 523C09CE186DB348006563AE /* main.m */; };
		523C09D3186DB348006563AE /* PZAppDelegate.m in Sources */ = {isa = PBXBuildFile; fileRef = 523C09D2186DB348006563AE /* PZAppDelegate.m */; };
		523C09D6186DB348006563AE /* Main.storyboard in Resources */ = {isa = PBXBuildFile; fileRef = 523C09D4186DB348006563AE /* Main.storyboard */; };
		523C09D9186DB348006563AE /* PZViewController.m in Sources */ = {isa = PBXBuildFile; fileRef = 523C09D8186DB348006563AE /* PZViewController.m */; };
		523C09DB186DB348006563AE /* Images.xcassets in Resources */ = {isa = PBXBuildFile; fileRef = 523C09DA186DB348006563AE /* Images.xcassets */; };
		523C09E2186DB348006563AE /* XCTest.framework in Frameworks */ = {isa = PBXBuildFile; fileRef = 523C09E1186DB348006563AE /* XCTest.framework */; };
		523C09E3186DB348006563AE /* Foundation.framework in Frameworks */ = {isa = PBXBuildFile; fileRef = 523C09C2186DB348006563AE /* Foundation.framework */; };
		523C09E4186DB348006563AE /* UIKit.framework in Frameworks */ = {isa = PBXBuildFile; fileRef = 523C09C6186DB348006563AE /* UIKit.framework */; };
		523C09EC186DB348006563AE /* InfoPlist.strings in Resources */ = {isa = PBXBuildFile; fileRef = 523C09EA186DB348006563AE /* InfoPlist.strings */; };
		523C09EE186DB348006563AE /* AutoLayoutComparisonTests.m in Sources */ = {isa = PBXBuildFile; fileRef = 523C09ED186DB348006563AE /* AutoLayoutComparisonTests.m */; };
		523C09F9186DB370006563AE /* PZDefaultLayoutView.m in Sources */ = {isa = PBXBuildFile; fileRef = 523C09F8186DB370006563AE /* PZDefaultLayoutView.m */; };
		523C09FD186DB850006563AE /* PZAutoLayoutView.m in Sources */ = {isa = PBXBuildFile; fileRef = 523C09FC186DB850006563AE /* PZAutoLayoutView.m */; };
		5294F9E1186EB917002287E7 /* PZDataModel.m in Sources */ = {isa = PBXBuildFile; fileRef = 5294F9E0186EB917002287E7 /* PZDataModel.m */; };
/* End PBXBuildFile section */

/* Begin PBXContainerItemProxy section */
		523C09E5186DB348006563AE /* PBXContainerItemProxy */ = {
			isa = PBXContainerItemProxy;
			containerPortal = 523C09B7186DB348006563AE /* Project object */;
			proxyType = 1;
			remoteGlobalIDString = 523C09BE186DB348006563AE;
			remoteInfo = AutoLayoutComparison;
		};
/* End PBXContainerItemProxy section */

/* Begin PBXFileReference section */
		523C09BF186DB348006563AE /* AutoLayoutComparison.app */ = {isa = PBXFileReference; explicitFileType = wrapper.application; includeInIndex = 0; path = AutoLayoutComparison.app; sourceTree = BUILT_PRODUCTS_DIR; };
		523C09C2186DB348006563AE /* Foundation.framework */ = {isa = PBXFileReference; lastKnownFileType = wrapper.framework; name = Foundation.framework; path = System/Library/Frameworks/Foundation.framework; sourceTree = SDKROOT; };
		523C09C4186DB348006563AE /* CoreGraphics.framework */ = {isa = PBXFileReference; lastKnownFileType = wrapper.framework; name = CoreGraphics.framework; path = System/Library/Frameworks/CoreGraphics.framework; sourceTree = SDKROOT; };
		523C09C6186DB348006563AE /* UIKit.framework */ = {isa = PBXFileReference; lastKnownFileType = wrapper.framework; name = UIKit.framework; path = System/Library/Frameworks/UIKit.framework; sourceTree = SDKROOT; };
		523C09CA186DB348006563AE /* AutoLayoutComparison-Info.plist */ = {isa = PBXFileReference; lastKnownFileType = text.plist.xml; path = "AutoLayoutComparison-Info.plist"; sourceTree = "<group>"; };
		523C09CC186DB348006563AE /* en */ = {isa = PBXFileReference; lastKnownFileType = text.plist.strings; name = en; path = en.lproj/InfoPlist.strings; sourceTree = "<group>"; };
		523C09CE186DB348006563AE /* main.m */ = {isa = PBXFileReference; lastKnownFileType = sourcecode.c.objc; path = main.m; sourceTree = "<group>"; };
		523C09D0186DB348006563AE /* AutoLayoutComparison-Prefix.pch */ = {isa = PBXFileReference; lastKnownFileType = sourcecode.c.h; path = "AutoLayoutComparison-Prefix.pch"; sourceTree = "<group>"; };
		523C09D1186DB348006563AE /* PZAppDelegate.h */ = {isa = PBXFileReference; lastKnownFileType = sourcecode.c.h; path = PZAppDelegate.h; sourceTree = "<group>"; };
		523C09D2186DB348006563AE /* PZAppDelegate.m */ = {isa = PBXFileReference; lastKnownFileType = sourcecode.c.objc; path = PZAppDelegate.m; sourceTree = "<group>"; };
		523C09D5186DB348006563AE /* Base */ = {isa = PBXFileReference; lastKnownFileType = file.storyboard; name = Base; path = Base.lproj/Main.storyboard; sourceTree = "<group>"; };
		523C09D7186DB348006563AE /* PZViewController.h */ = {isa = PBXFileReference; lastKnownFileType = sourcecode.c.h; path = PZViewController.h; sourceTree = "<group>"; };
		523C09D8186DB348006563AE /* PZViewController.m */ = {isa = PBXFileReference; lastKnownFileType = sourcecode.c.objc; path = PZViewController.m; sourceTree = "<group>"; };
		523C09DA186DB348006563AE /* Images.xcassets */ = {isa = PBXFileReference; lastKnownFileType = folder.assetcatalog; path = Images.xcassets; sourceTree = "<group>"; };
		523C09E0186DB348006563AE /* AutoLayoutComparisonTests.xctest */ = {isa = PBXFileReference; explicitFileType = wrapper.cfbundle; includeInIndex = 0; path = AutoLayoutComparisonTests.xctest; sourceTree = BUILT_PRODUCTS_DIR; };
		523C09E1186DB348006563AE /* XCTest.framework */ = {isa = PBXFileReference; lastKnownFileType = wrapper.framework; name = XCTest.framework; path = Library/Frameworks/XCTest.framework; sourceTree = DEVELOPER_DIR; };
		523C09E9186DB348006563AE /* AutoLayoutComparisonTests-Info.plist */ = {isa = PBXFileReference; lastKnownFileType = text.plist.xml; path = "AutoLayoutComparisonTests-Info.plist"; sourceTree = "<group>"; };
		523C09EB186DB348006563AE /* en */ = {isa = PBXFileReference; lastKnownFileType = text.plist.strings; name = en; path = en.lproj/InfoPlist.strings; sourceTree = "<group>"; };
		523C09ED186DB348006563AE /* AutoLayoutComparisonTests.m */ = {isa = PBXFileReference; lastKnownFileType = sourcecode.c.objc; path = AutoLayoutComparisonTests.m; sourceTree = "<group>"; };
		523C09F7186DB370006563AE /* PZDefaultLayoutView.h */ = {isa = PBXFileReference; fileEncoding = 4; lastKnownFileType = sourcecode.c.h; path = PZDefaultLayoutView.h; sourceTree = "<group>"; };
		523C09F8186DB370006563AE /* PZDefaultLayoutView.m */ = {isa = PBXFileReference; fileEncoding = 4; lastKnownFileType = sourcecode.c.objc; path = PZDefaultLayoutView.m; sourceTree = "<group>"; };
		523C09FA186DB3B7006563AE /* PZLayoutViewProtocol.h */ = {isa = PBXFileReference; fileEncoding = 4; lastKnownFileType = sourcecode.c.h; path = PZLayoutViewProtocol.h; sourceTree = "<group>"; };
		523C09FB186DB850006563AE /* PZAutoLayoutView.h */ = {isa = PBXFileReference; fileEncoding = 4; lastKnownFileType = sourcecode.c.h; path = PZAutoLayoutView.h; sourceTree = "<group>"; };
		523C09FC186DB850006563AE /* PZAutoLayoutView.m */ = {isa = PBXFileReference; fileEncoding = 4; lastKnownFileType = sourcecode.c.objc; path = PZAutoLayoutView.m; sourceTree = "<group>"; };
		5294F9DF186EB917002287E7 /* PZDataModel.h */ = {isa = PBXFileReference; fileEncoding = 4; lastKnownFileType = sourcecode.c.h; path = PZDataModel.h; sourceTree = "<group>"; };
		5294F9E0186EB917002287E7 /* PZDataModel.m */ = {isa = PBXFileReference; fileEncoding = 4; lastKnownFileType = sourcecode.c.objc; path = PZDataModel.m; sourceTree = "<group>"; };
/* End PBXFileReference section */

/* Begin PBXFrameworksBuildPhase section */
		523C09BC186DB348006563AE /* Frameworks */ = {
			isa = PBXFrameworksBuildPhase;
			buildActionMask = 2147483647;
			files = (
				523C09C5186DB348006563AE /* CoreGraphics.framework in Frameworks */,
				523C09C7186DB348006563AE /* UIKit.framework in Frameworks */,
				523C09C3186DB348006563AE /* Foundation.framework in Frameworks */,
			);
			runOnlyForDeploymentPostprocessing = 0;
		};
		523C09DD186DB348006563AE /* Frameworks */ = {
			isa = PBXFrameworksBuildPhase;
			buildActionMask = 2147483647;
			files = (
				523C09E2186DB348006563AE /* XCTest.framework in Frameworks */,
				523C09E4186DB348006563AE /* UIKit.framework in Frameworks */,
				523C09E3186DB348006563AE /* Foundation.framework in Frameworks */,
			);
			runOnlyForDeploymentPostprocessing = 0;
		};
/* End PBXFrameworksBuildPhase section */

/* Begin PBXGroup section */
		523C09B6186DB348006563AE = {
			isa = PBXGroup;
			children = (
				523C09C8186DB348006563AE /* AutoLayoutComparison */,
				523C09E7186DB348006563AE /* AutoLayoutComparisonTests */,
				523C09C1186DB348006563AE /* Frameworks */,
				523C09C0186DB348006563AE /* Products */,
			);
			sourceTree = "<group>";
		};
		523C09C0186DB348006563AE /* Products */ = {
			isa = PBXGroup;
			children = (
				523C09BF186DB348006563AE /* AutoLayoutComparison.app */,
				523C09E0186DB348006563AE /* AutoLayoutComparisonTests.xctest */,
			);
			name = Products;
			sourceTree = "<group>";
		};
		523C09C1186DB348006563AE /* Frameworks */ = {
			isa = PBXGroup;
			children = (
				523C09C2186DB348006563AE /* Foundation.framework */,
				523C09C4186DB348006563AE /* CoreGraphics.framework */,
				523C09C6186DB348006563AE /* UIKit.framework */,
				523C09E1186DB348006563AE /* XCTest.framework */,
			);
			name = Frameworks;
			sourceTree = "<group>";
		};
		523C09C8186DB348006563AE /* AutoLayoutComparison */ = {
			isa = PBXGroup;
			children = (
				523C09D1186DB348006563AE /* PZAppDelegate.h */,
				523C09D2186DB348006563AE /* PZAppDelegate.m */,
				523C09D4186DB348006563AE /* Main.storyboard */,
				523C09D7186DB348006563AE /* PZViewController.h */,
				523C09D8186DB348006563AE /* PZViewController.m */,
				5294F9DF186EB917002287E7 /* PZDataModel.h */,
				5294F9E0186EB917002287E7 /* PZDataModel.m */,
				523C09F7186DB370006563AE /* PZDefaultLayoutView.h */,
				523C09F8186DB370006563AE /* PZDefaultLayoutView.m */,
				523C09FB186DB850006563AE /* PZAutoLayoutView.h */,
				523C09FC186DB850006563AE /* PZAutoLayoutView.m */,
				523C09FA186DB3B7006563AE /* PZLayoutViewProtocol.h */,
				523C09DA186DB348006563AE /* Images.xcassets */,
				523C09C9186DB348006563AE /* Supporting Files */,
			);
			path = AutoLayoutComparison;
			sourceTree = "<group>";
		};
		523C09C9186DB348006563AE /* Supporting Files */ = {
			isa = PBXGroup;
			children = (
				523C09CA186DB348006563AE /* AutoLayoutComparison-Info.plist */,
				523C09CB186DB348006563AE /* InfoPlist.strings */,
				523C09CE186DB348006563AE /* main.m */,
				523C09D0186DB348006563AE /* AutoLayoutComparison-Prefix.pch */,
			);
			name = "Supporting Files";
			sourceTree = "<group>";
		};
		523C09E7186DB348006563AE /* AutoLayoutComparisonTests */ = {
			isa = PBXGroup;
			children = (
				523C09ED186DB348006563AE /* AutoLayoutComparisonTests.m */,
				523C09E8186DB348006563AE /* Supporting Files */,
			);
			path = AutoLayoutComparisonTests;
			sourceTree = "<group>";
		};
		523C09E8186DB348006563AE /* Supporting Files */ = {
			isa = PBXGroup;
			children = (
				523C09E9186DB348006563AE /* AutoLayoutComparisonTests-Info.plist */,
				523C09EA186DB348006563AE /* InfoPlist.strings */,
			);
			name = "Supporting Files";
			sourceTree = "<group>";
		};
/* End PBXGroup section */

/* Begin PBXNativeTarget section */
		523C09BE186DB348006563AE /* AutoLayoutComparison */ = {
			isa = PBXNativeTarget;
			buildConfigurationList = 523C09F1186DB348006563AE /* Build configuration list for PBXNativeTarget "AutoLayoutComparison" */;
			buildPhases = (
				523C09BB186DB348006563AE /* Sources */,
				523C09BC186DB348006563AE /* Frameworks */,
				523C09BD186DB348006563AE /* Resources */,
			);
			buildRules = (
			);
			dependencies = (
			);
			name = AutoLayoutComparison;
			productName = AutoLayoutComparison;
			productReference = 523C09BF186DB348006563AE /* AutoLayoutComparison.app */;
			productType = "com.apple.product-type.application";
		};
		523C09DF186DB348006563AE /* AutoLayoutComparisonTests */ = {
			isa = PBXNativeTarget;
			buildConfigurationList = 523C09F4186DB348006563AE /* Build configuration list for PBXNativeTarget "AutoLayoutComparisonTests" */;
			buildPhases = (
				523C09DC186DB348006563AE /* Sources */,
				523C09DD186DB348006563AE /* Frameworks */,
				523C09DE186DB348006563AE /* Resources */,
			);
			buildRules = (
			);
			dependencies = (
				523C09E6186DB348006563AE /* PBXTargetDependency */,
			);
			name = AutoLayoutComparisonTests;
			productName = AutoLayoutComparisonTests;
			productReference = 523C09E0186DB348006563AE /* AutoLayoutComparisonTests.xctest */;
			productType = "com.apple.product-type.bundle.unit-test";
		};
/* End PBXNativeTarget section */

/* Begin PBXProject section */
		523C09B7186DB348006563AE /* Project object */ = {
			isa = PBXProject;
			attributes = {
				CLASSPREFIX = FB;
				LastUpgradeCheck = 0500;
				ORGANIZATIONNAME = facebook;
				TargetAttributes = {
					523C09DF186DB348006563AE = {
						TestTargetID = 523C09BE186DB348006563AE;
					};
				};
			};
			buildConfigurationList = 523C09BA186DB348006563AE /* Build configuration list for PBXProject "AutoLayoutComparison" */;
			compatibilityVersion = "Xcode 3.2";
			developmentRegion = English;
			hasScannedForEncodings = 0;
			knownRegions = (
				en,
				Base,
			);
			mainGroup = 523C09B6186DB348006563AE;
			productRefGroup = 523C09C0186DB348006563AE /* Products */;
			projectDirPath = "";
			projectRoot = "";
			targets = (
				523C09BE186DB348006563AE /* AutoLayoutComparison */,
				523C09DF186DB348006563AE /* AutoLayoutComparisonTests */,
			);
		};
/* End PBXProject section */

/* Begin PBXResourcesBuildPhase section */
		523C09BD186DB348006563AE /* Resources */ = {
			isa = PBXResourcesBuildPhase;
			buildActionMask = 2147483647;
			files = (
				523C09DB186DB348006563AE /* Images.xcassets in Resources */,
				523C09CD186DB348006563AE /* InfoPlist.strings in Resources */,
				523C09D6186DB348006563AE /* Main.storyboard in Resources */,
			);
			runOnlyForDeploymentPostprocessing = 0;
		};
		523C09DE186DB348006563AE /* Resources */ = {
			isa = PBXResourcesBuildPhase;
			buildActionMask = 2147483647;
			files = (
				523C09EC186DB348006563AE /* InfoPlist.strings in Resources */,
			);
			runOnlyForDeploymentPostprocessing = 0;
		};
/* End PBXResourcesBuildPhase section */

/* Begin PBXSourcesBuildPhase section */
		523C09BB186DB348006563AE /* Sources */ = {
			isa = PBXSourcesBuildPhase;
			buildActionMask = 2147483647;
			files = (
				523C09D3186DB348006563AE /* PZAppDelegate.m in Sources */,
				523C09CF186DB348006563AE /* main.m in Sources */,
				523C09F9186DB370006563AE /* PZDefaultLayoutView.m in Sources */,
				523C09FD186DB850006563AE /* PZAutoLayoutView.m in Sources */,
				523C09D9186DB348006563AE /* PZViewController.m in Sources */,
				5294F9E1186EB917002287E7 /* PZDataModel.m in Sources */,
			);
			runOnlyForDeploymentPostprocessing = 0;
		};
		523C09DC186DB348006563AE /* Sources */ = {
			isa = PBXSourcesBuildPhase;
			buildActionMask = 2147483647;
			files = (
				523C09EE186DB348006563AE /* AutoLayoutComparisonTests.m in Sources */,
			);
			runOnlyForDeploymentPostprocessing = 0;
		};
/* End PBXSourcesBuildPhase section */

/* Begin PBXTargetDependency section */
		523C09E6186DB348006563AE /* PBXTargetDependency */ = {
			isa = PBXTargetDependency;
			target = 523C09BE186DB348006563AE /* AutoLayoutComparison */;
			targetProxy = 523C09E5186DB348006563AE /* PBXContainerItemProxy */;
		};
/* End PBXTargetDependency section */

/* Begin PBXVariantGroup section */
		523C09CB186DB348006563AE /* InfoPlist.strings */ = {
			isa = PBXVariantGroup;
			children = (
				523C09CC186DB348006563AE /* en */,
			);
			name = InfoPlist.strings;
			sourceTree = "<group>";
		};
		523C09D4186DB348006563AE /* Main.storyboard */ = {
			isa = PBXVariantGroup;
			children = (
				523C09D5186DB348006563AE /* Base */,
			);
			name = Main.storyboard;
			sourceTree = "<group>";
		};
		523C09EA186DB348006563AE /* InfoPlist.strings */ = {
			isa = PBXVariantGroup;
			children = (
				523C09EB186DB348006563AE /* en */,
			);
			name = InfoPlist.strings;
			sourceTree = "<group>";
		};
/* End PBXVariantGroup section */

/* Begin XCBuildConfiguration section */
		523C09EF186DB348006563AE /* Debug */ = {
			isa = XCBuildConfiguration;
			buildSettings = {
				ALWAYS_SEARCH_USER_PATHS = NO;
				ARCHS = "$(ARCHS_STANDARD_INCLUDING_64_BIT)";
				CLANG_CXX_LANGUAGE_STANDARD = "gnu++0x";
				CLANG_CXX_LIBRARY = "libc++";
				CLANG_ENABLE_MODULES = YES;
				CLANG_ENABLE_OBJC_ARC = YES;
				CLANG_WARN_BOOL_CONVERSION = YES;
				CLANG_WARN_CONSTANT_CONVERSION = YES;
				CLANG_WARN_DIRECT_OBJC_ISA_USAGE = YES_ERROR;
				CLANG_WARN_EMPTY_BODY = YES;
				CLANG_WARN_ENUM_CONVERSION = YES;
				CLANG_WARN_INT_CONVERSION = YES;
				CLANG_WARN_OBJC_ROOT_CLASS = YES_ERROR;
				CLANG_WARN__DUPLICATE_METHOD_MATCH = YES;
				"CODE_SIGN_IDENTITY[sdk=iphoneos*]" = "iPhone Developer";
				COPY_PHASE_STRIP = NO;
				GCC_C_LANGUAGE_STANDARD = gnu99;
				GCC_DYNAMIC_NO_PIC = NO;
				GCC_OPTIMIZATION_LEVEL = 0;
				GCC_PREPROCESSOR_DEFINITIONS = (
					"DEBUG=1",
					"$(inherited)",
				);
				GCC_SYMBOLS_PRIVATE_EXTERN = NO;
				GCC_WARN_64_TO_32_BIT_CONVERSION = YES;
				GCC_WARN_ABOUT_RETURN_TYPE = YES_ERROR;
				GCC_WARN_UNDECLARED_SELECTOR = YES;
				GCC_WARN_UNINITIALIZED_AUTOS = YES;
				GCC_WARN_UNUSED_FUNCTION = YES;
				GCC_WARN_UNUSED_VARIABLE = YES;
				IPHONEOS_DEPLOYMENT_TARGET = 7.0;
				ONLY_ACTIVE_ARCH = YES;
				SDKROOT = iphoneos;
				TARGETED_DEVICE_FAMILY = 2;
			};
			name = Debug;
		};
		523C09F0186DB348006563AE /* Release */ = {
			isa = XCBuildConfiguration;
			buildSettings = {
				ALWAYS_SEARCH_USER_PATHS = NO;
				ARCHS = "$(ARCHS_STANDARD_INCLUDING_64_BIT)";
				CLANG_CXX_LANGUAGE_STANDARD = "gnu++0x";
				CLANG_CXX_LIBRARY = "libc++";
				CLANG_ENABLE_MODULES = YES;
				CLANG_ENABLE_OBJC_ARC = YES;
				CLANG_WARN_BOOL_CONVERSION = YES;
				CLANG_WARN_CONSTANT_CONVERSION = YES;
				CLANG_WARN_DIRECT_OBJC_ISA_USAGE = YES_ERROR;
				CLANG_WARN_EMPTY_BODY = YES;
				CLANG_WARN_ENUM_CONVERSION = YES;
				CLANG_WARN_INT_CONVERSION = YES;
				CLANG_WARN_OBJC_ROOT_CLASS = YES_ERROR;
				CLANG_WARN__DUPLICATE_METHOD_MATCH = YES;
				"CODE_SIGN_IDENTITY[sdk=iphoneos*]" = "iPhone Developer";
				COPY_PHASE_STRIP = YES;
				ENABLE_NS_ASSERTIONS = NO;
				GCC_C_LANGUAGE_STANDARD = gnu99;
				GCC_WARN_64_TO_32_BIT_CONVERSION = YES;
				GCC_WARN_ABOUT_RETURN_TYPE = YES_ERROR;
				GCC_WARN_UNDECLARED_SELECTOR = YES;
				GCC_WARN_UNINITIALIZED_AUTOS = YES;
				GCC_WARN_UNUSED_FUNCTION = YES;
				GCC_WARN_UNUSED_VARIABLE = YES;
				IPHONEOS_DEPLOYMENT_TARGET = 7.0;
				SDKROOT = iphoneos;
				TARGETED_DEVICE_FAMILY = 2;
				VALIDATE_PRODUCT = YES;
			};
			name = Release;
		};
		523C09F2186DB348006563AE /* Debug */ = {
			isa = XCBuildConfiguration;
			buildSettings = {
				ASSETCATALOG_COMPILER_APPICON_NAME = AppIcon;
				ASSETCATALOG_COMPILER_LAUNCHIMAGE_NAME = LaunchImage;
				GCC_PRECOMPILE_PREFIX_HEADER = YES;
				GCC_PREFIX_HEADER = "AutoLayoutComparison/AutoLayoutComparison-Prefix.pch";
				INFOPLIST_FILE = "AutoLayoutComparison/AutoLayoutComparison-Info.plist";
				IPHONEOS_DEPLOYMENT_TARGET = 6.0;
				PRODUCT_NAME = "$(TARGET_NAME)";
				TARGETED_DEVICE_FAMILY = 1;
				WRAPPER_EXTENSION = app;
			};
			name = Debug;
		};
		523C09F3186DB348006563AE /* Release */ = {
			isa = XCBuildConfiguration;
			buildSettings = {
				ASSETCATALOG_COMPILER_APPICON_NAME = AppIcon;
				ASSETCATALOG_COMPILER_LAUNCHIMAGE_NAME = LaunchImage;
				GCC_PRECOMPILE_PREFIX_HEADER = YES;
				GCC_PREFIX_HEADER = "AutoLayoutComparison/AutoLayoutComparison-Prefix.pch";
				INFOPLIST_FILE = "AutoLayoutComparison/AutoLayoutComparison-Info.plist";
				IPHONEOS_DEPLOYMENT_TARGET = 6.0;
				PRODUCT_NAME = "$(TARGET_NAME)";
				TARGETED_DEVICE_FAMILY = 1;
				WRAPPER_EXTENSION = app;
			};
			name = Release;
		};
		523C09F5186DB348006563AE /* Debug */ = {
			isa = XCBuildConfiguration;
			buildSettings = {
				ARCHS = "$(ARCHS_STANDARD_INCLUDING_64_BIT)";
				BUNDLE_LOADER = "$(BUILT_PRODUCTS_DIR)/AutoLayoutComparison.app/AutoLayoutComparison";
				FRAMEWORK_SEARCH_PATHS = (
					"$(SDKROOT)/Developer/Library/Frameworks",
					"$(inherited)",
					"$(DEVELOPER_FRAMEWORKS_DIR)",
				);
				GCC_PRECOMPILE_PREFIX_HEADER = YES;
				GCC_PREFIX_HEADER = "AutoLayoutComparison/AutoLayoutComparison-Prefix.pch";
				GCC_PREPROCESSOR_DEFINITIONS = (
					"DEBUG=1",
					"$(inherited)",
				);
				INFOPLIST_FILE = "AutoLayoutComparisonTests/AutoLayoutComparisonTests-Info.plist";
				PRODUCT_NAME = "$(TARGET_NAME)";
				TEST_HOST = "$(BUNDLE_LOADER)";
				WRAPPER_EXTENSION = xctest;
			};
			name = Debug;
		};
		523C09F6186DB348006563AE /* Release */ = {
			isa = XCBuildConfiguration;
			buildSettings = {
				ARCHS = "$(ARCHS_STANDARD_INCLUDING_64_BIT)";
				BUNDLE_LOADER = "$(BUILT_PRODUCTS_DIR)/AutoLayoutComparison.app/AutoLayoutComparison";
				FRAMEWORK_SEARCH_PATHS = (
					"$(SDKROOT)/Developer/Library/Frameworks",
					"$(inherited)",
					"$(DEVELOPER_FRAMEWORKS_DIR)",
				);
				GCC_PRECOMPILE_PREFIX_HEADER = YES;
				GCC_PREFIX_HEADER = "AutoLayoutComparison/AutoLayoutComparison-Prefix.pch";
				INFOPLIST_FILE = "AutoLayoutComparisonTests/AutoLayoutComparisonTests-Info.plist";
				PRODUCT_NAME = "$(TARGET_NAME)";
				TEST_HOST = "$(BUNDLE_LOADER)";
				WRAPPER_EXTENSION = xctest;
			};
			name = Release;
		};
/* End XCBuildConfiguration section */

/* Begin XCConfigurationList section */
		523C09BA186DB348006563AE /* Build configuration list for PBXProject "AutoLayoutComparison" */ = {
			isa = XCConfigurationList;
			buildConfigurations = (
				523C09EF186DB348006563AE /* Debug */,
				523C09F0186DB348006563AE /* Release */,
			);
			defaultConfigurationIsVisible = 0;
			defaultConfigurationName = Release;
		};
		523C09F1186DB348006563AE /* Build configuration list for PBXNativeTarget "AutoLayoutComparison" */ = {
			isa = XCConfigurationList;
			buildConfigurations = (
				523C09F2186DB348006563AE /* Debug */,
				523C09F3186DB348006563AE /* Release */,
			);
			defaultConfigurationIsVisible = 0;
			defaultConfigurationName = Release;
		};
		523C09F4186DB348006563AE /* Build configuration list for PBXNativeTarget "AutoLayoutComparisonTests" */ = {
			isa = XCConfigurationList;
			buildConfigurations = (
				523C09F5186DB348006563AE /* Debug */,
				523C09F6186DB348006563AE /* Release */,
			);
			defaultConfigurationIsVisible = 0;
			defaultConfigurationName = Release;
		};
/* End XCConfigurationList section */
	};
	rootObject = 523C09B7186DB348006563AE /* Project object */;
}
